
Microsoft Visual Studio Solution File, Format Version 12.00
# Visual Studio Version 17
VisualStudioVersion = 17.4.33213.308
MinimumVisualStudioVersion = 10.0.40219.1
Project("{FAE04EC0-301F-11D3-BF4B-00C04F79EFBC}") = "CSharpSyntax", "CSharpSyntax\CSharpSyntax.csproj", "{D4137A5B-152F-4FA2-A876-4CBB2CA38AD4}"
EndProject
Global
	GlobalSection(SolutionConfigurationPlatforms) = preSolution
		Debug|Any CPU = Debug|Any CPU
		Release|Any CPU = Release|Any CPU
	EndGlobalSection
	GlobalSection(ProjectConfigurationPlatforms) = postSolution
		{D4137A5B-152F-4FA2-A876-4CBB2CA38AD4}.Debug|Any CPU.ActiveCfg = Debug|Any CPU
		{D4137A5B-152F-4FA2-A876-4CBB2CA38AD4}.Debug|Any CPU.Build.0 = Debug|Any CPU
		{D4137A5B-152F-4FA2-A876-4CBB2CA38AD4}.Release|Any CPU.ActiveCfg = Release|Any CPU
		{D4137A5B-152F-4FA2-A876-4CBB2CA38AD4}.Release|Any CPU.Build.0 = Release|Any CPU
	EndGlobalSection
	GlobalSection(SolutionProperties) = preSolution
		HideSolutionNode = FALSE
	EndGlobalSection
	GlobalSection(ExtensibilityGlobals) = postSolution
		SolutionGuid = {40A812B9-06A4-4C30-85B9-8E273CD22CEB}
	EndGlobalSection
EndGlobal
