
Microsoft Visual Studio Solution File, Format Version 12.00
# Visual Studio Version 17
VisualStudioVersion = 17.4.33213.308
MinimumVisualStudioVersion = 10.0.40219.1
Project("{FAE04EC0-301F-11D3-BF4B-00C04F79EFBC}") = "DjBreakTimer", "DjBreakTimer\DjBreakTimer.csproj", "{62C3DC8D-DB75-4328-92A9-2B814485512F}"
EndProject
Global
	GlobalSection(SolutionConfigurationPlatforms) = preSolution
		Debug|Any CPU = Debug|Any CPU
		Release|Any CPU = Release|Any CPU
	EndGlobalSection
	GlobalSection(ProjectConfigurationPlatforms) = postSolution
		{62C3DC8D-DB75-4328-92A9-2B814485512F}.Debug|Any CPU.ActiveCfg = Debug|Any CPU
		{62C3DC8D-DB75-4328-92A9-2B814485512F}.Debug|Any CPU.Build.0 = Debug|Any CPU
		{62C3DC8D-DB75-4328-92A9-2B814485512F}.Release|Any CPU.ActiveCfg = Release|Any CPU
		{62C3DC8D-DB75-4328-92A9-2B814485512F}.Release|Any CPU.Build.0 = Release|Any CPU
	EndGlobalSection
	GlobalSection(SolutionProperties) = preSolution
		HideSolutionNode = FALSE
	EndGlobalSection
	GlobalSection(ExtensibilityGlobals) = postSolution
		SolutionGuid = {CBC193FB-928F-43E4-AD92-6D0AEF98893F}
	EndGlobalSection
EndGlobal
